{
  "pins" : [
    {
      "identity" : "keyboardkit",
      "kind" : "remoteSourceControl",
      "location" : "https://github.com/KeyboardKit/KeyboardKit",
      "state" : {
        "revision" : "f6bd1def639641b2cff9ca4cddbb4615aa717e5c",
        "version" : "7.9.0"
      }
    }
  ],
  "version" : 2
}
